
Microsoft Visual Studio Solution File, Format Version 12.00
# Visual Studio Version 17
VisualStudioVersion = 17.4.33213.308
MinimumVisualStudioVersion = 10.0.40219.1
Project("{FAE04EC0-301F-11D3-BF4B-00C04F79EFBC}") = "API", "API.csproj", "{DE154372-4223-4E0B-9C84-2679B9F33720}"
EndProject
Global
	GlobalSection(SolutionConfigurationPlatforms) = preSolution
		Debug|Any CPU = Debug|Any CPU
		Release|Any CPU = Release|Any CPU
	EndGlobalSection
	GlobalSection(ProjectConfigurationPlatforms) = postSolution
		{DE154372-4223-4E0B-9C84-2679B9F33720}.Debug|Any CPU.ActiveCfg = Debug|Any CPU
		{DE154372-4223-4E0B-9C84-2679B9F33720}.Debug|Any CPU.Build.0 = Debug|Any CPU
		{DE154372-4223-4E0B-9C84-2679B9F33720}.Release|Any CPU.ActiveCfg = Release|Any CPU
		{DE154372-4223-4E0B-9C84-2679B9F33720}.Release|Any CPU.Build.0 = Release|Any CPU
	EndGlobalSection
	GlobalSection(SolutionProperties) = preSolution
		HideSolutionNode = FALSE
	EndGlobalSection
	GlobalSection(ExtensibilityGlobals) = postSolution
		SolutionGuid = {A2129DAF-CFAD-4336-8F7A-095BB93050EA}
	EndGlobalSection
EndGlobal
